
Microsoft Visual Studio Solution File, Format Version 12.00
# Visual Studio Version 17
VisualStudioVersion = 17.7.34031.279
MinimumVisualStudioVersion = 10.0.40219.1
Project("{FAE04EC0-301F-11D3-BF4B-00C04F79EFBC}") = "DataTableSorting", "DataTableSorting.csproj", "{2C3BBA2C-0ABD-43C6-BBF6-CF52DF192E28}"
EndProject
Global
	GlobalSection(SolutionConfigurationPlatforms) = preSolution
		Debug|Any CPU = Debug|Any CPU
		Release|Any CPU = Release|Any CPU
	EndGlobalSection
	GlobalSection(ProjectConfigurationPlatforms) = postSolution
		{2C3BBA2C-0ABD-43C6-BBF6-CF52DF192E28}.Debug|Any CPU.ActiveCfg = Debug|Any CPU
		{2C3BBA2C-0ABD-43C6-BBF6-CF52DF192E28}.Debug|Any CPU.Build.0 = Debug|Any CPU
		{2C3BBA2C-0ABD-43C6-BBF6-CF52DF192E28}.Release|Any CPU.ActiveCfg = Release|Any CPU
		{2C3BBA2C-0ABD-43C6-BBF6-CF52DF192E28}.Release|Any CPU.Build.0 = Release|Any CPU
	EndGlobalSection
	GlobalSection(SolutionProperties) = preSolution
		HideSolutionNode = FALSE
	EndGlobalSection
	GlobalSection(ExtensibilityGlobals) = postSolution
		SolutionGuid = {94660F93-CF3A-4087-A513-01650DF9C9ED}
	EndGlobalSection
EndGlobal
