
Microsoft Visual Studio Solution File, Format Version 12.00
# Visual Studio Version 17
VisualStudioVersion = 17.7.34031.279
MinimumVisualStudioVersion = 10.0.40219.1
Project("{FAE04EC0-301F-11D3-BF4B-00C04F79EFBC}") = "UpdateDataTable", "UpdateDataTable.csproj", "{964E1EBB-33FC-4347-9F99-9C3F7C6AF4BA}"
EndProject
Global
	GlobalSection(SolutionConfigurationPlatforms) = preSolution
		Debug|Any CPU = Debug|Any CPU
		Release|Any CPU = Release|Any CPU
	EndGlobalSection
	GlobalSection(ProjectConfigurationPlatforms) = postSolution
		{964E1EBB-33FC-4347-9F99-9C3F7C6AF4BA}.Debug|Any CPU.ActiveCfg = Debug|Any CPU
		{964E1EBB-33FC-4347-9F99-9C3F7C6AF4BA}.Debug|Any CPU.Build.0 = Debug|Any CPU
		{964E1EBB-33FC-4347-9F99-9C3F7C6AF4BA}.Release|Any CPU.ActiveCfg = Release|Any CPU
		{964E1EBB-33FC-4347-9F99-9C3F7C6AF4BA}.Release|Any CPU.Build.0 = Release|Any CPU
	EndGlobalSection
	GlobalSection(SolutionProperties) = preSolution
		HideSolutionNode = FALSE
	EndGlobalSection
	GlobalSection(ExtensibilityGlobals) = postSolution
		SolutionGuid = {E2FB552D-475D-4844-9F71-D7C2D4FF7FE0}
	EndGlobalSection
EndGlobal
